
Microsoft Visual Studio Solution File, Format Version 12.00
# Visual Studio Version 17
VisualStudioVersion = 17.0.31903.59
MinimumVisualStudioVersion = 10.0.40219.1
Project("{FAE04EC0-301F-11D3-BF4B-00C04F79EFBC}") = "SQSPub", "SQSPub\SQSPub.csproj", "{08DD3147-AAAA-42C9-BDDC-29339D0891F3}"
EndProject
Project("{FAE04EC0-301F-11D3-BF4B-00C04F79EFBC}") = "SQSConsumer", "SQSConsumer\SQSConsumer.csproj", "{90FFC9BC-5FF8-421D-BF95-47FA90F541F9}"
EndProject
Project("{FAE04EC0-301F-11D3-BF4B-00C04F79EFBC}") = "SQSWebApiPublisher", "SQSWebApiPublisher\SQSWebApiPublisher.csproj", "{AD9C1BDA-E340-4761-913A-D2055E4FE08E}"
EndProject
Project("{FAE04EC0-301F-11D3-BF4B-00C04F79EFBC}") = "SQSWebApiConsumer", "SQSWebApiConsumer\SQSWebApiConsumer.csproj", "{F1291D84-32C0-43FB-B7B5-119063AC385B}"
EndProject
Project("{FAE04EC0-301F-11D3-BF4B-00C04F79EFBC}") = "SNSPublisher", "SNSPublisher\SNSPublisher.csproj", "{3D70C2F2-29A3-4B19-9020-AC25E255C41C}"
EndProject
Project("{FAE04EC0-301F-11D3-BF4B-00C04F79EFBC}") = "SNSConsumer", "SNSConsumer\SNSConsumer.csproj", "{371F1540-C23C-4631-9733-C0A3640B4885}"
EndProject
Project("{FAE04EC0-301F-11D3-BF4B-00C04F79EFBC}") = "SNSWebApiPublisher", "SNSWebApiPublisher\SNSWebApiPublisher.csproj", "{8BB1AD14-A8FB-45D2-A615-5C1A7E268F74}"
EndProject
Project("{FAE04EC0-301F-11D3-BF4B-00C04F79EFBC}") = "DynamoDbTestApi", "TestApi\DynamoDbTestApi.csproj", "{7CF4E597-B3F5-4D6E-B554-AF4D72C49AC8}"
EndProject
Global
	GlobalSection(SolutionConfigurationPlatforms) = preSolution
		Debug|Any CPU = Debug|Any CPU
		Release|Any CPU = Release|Any CPU
	EndGlobalSection
	GlobalSection(ProjectConfigurationPlatforms) = postSolution
		{08DD3147-AAAA-42C9-BDDC-29339D0891F3}.Debug|Any CPU.ActiveCfg = Debug|Any CPU
		{08DD3147-AAAA-42C9-BDDC-29339D0891F3}.Debug|Any CPU.Build.0 = Debug|Any CPU
		{08DD3147-AAAA-42C9-BDDC-29339D0891F3}.Release|Any CPU.ActiveCfg = Release|Any CPU
		{08DD3147-AAAA-42C9-BDDC-29339D0891F3}.Release|Any CPU.Build.0 = Release|Any CPU
		{90FFC9BC-5FF8-421D-BF95-47FA90F541F9}.Debug|Any CPU.ActiveCfg = Debug|Any CPU
		{90FFC9BC-5FF8-421D-BF95-47FA90F541F9}.Debug|Any CPU.Build.0 = Debug|Any CPU
		{90FFC9BC-5FF8-421D-BF95-47FA90F541F9}.Release|Any CPU.ActiveCfg = Release|Any CPU
		{90FFC9BC-5FF8-421D-BF95-47FA90F541F9}.Release|Any CPU.Build.0 = Release|Any CPU
		{AD9C1BDA-E340-4761-913A-D2055E4FE08E}.Debug|Any CPU.ActiveCfg = Debug|Any CPU
		{AD9C1BDA-E340-4761-913A-D2055E4FE08E}.Debug|Any CPU.Build.0 = Debug|Any CPU
		{AD9C1BDA-E340-4761-913A-D2055E4FE08E}.Release|Any CPU.ActiveCfg = Release|Any CPU
		{AD9C1BDA-E340-4761-913A-D2055E4FE08E}.Release|Any CPU.Build.0 = Release|Any CPU
		{F1291D84-32C0-43FB-B7B5-119063AC385B}.Debug|Any CPU.ActiveCfg = Debug|Any CPU
		{F1291D84-32C0-43FB-B7B5-119063AC385B}.Debug|Any CPU.Build.0 = Debug|Any CPU
		{F1291D84-32C0-43FB-B7B5-119063AC385B}.Release|Any CPU.ActiveCfg = Release|Any CPU
		{F1291D84-32C0-43FB-B7B5-119063AC385B}.Release|Any CPU.Build.0 = Release|Any CPU
		{3D70C2F2-29A3-4B19-9020-AC25E255C41C}.Debug|Any CPU.ActiveCfg = Debug|Any CPU
		{3D70C2F2-29A3-4B19-9020-AC25E255C41C}.Debug|Any CPU.Build.0 = Debug|Any CPU
		{3D70C2F2-29A3-4B19-9020-AC25E255C41C}.Release|Any CPU.ActiveCfg = Release|Any CPU
		{3D70C2F2-29A3-4B19-9020-AC25E255C41C}.Release|Any CPU.Build.0 = Release|Any CPU
		{371F1540-C23C-4631-9733-C0A3640B4885}.Debug|Any CPU.ActiveCfg = Debug|Any CPU
		{371F1540-C23C-4631-9733-C0A3640B4885}.Debug|Any CPU.Build.0 = Debug|Any CPU
		{371F1540-C23C-4631-9733-C0A3640B4885}.Release|Any CPU.ActiveCfg = Release|Any CPU
		{371F1540-C23C-4631-9733-C0A3640B4885}.Release|Any CPU.Build.0 = Release|Any CPU
		{8BB1AD14-A8FB-45D2-A615-5C1A7E268F74}.Debug|Any CPU.ActiveCfg = Debug|Any CPU
		{8BB1AD14-A8FB-45D2-A615-5C1A7E268F74}.Debug|Any CPU.Build.0 = Debug|Any CPU
		{8BB1AD14-A8FB-45D2-A615-5C1A7E268F74}.Release|Any CPU.ActiveCfg = Release|Any CPU
		{8BB1AD14-A8FB-45D2-A615-5C1A7E268F74}.Release|Any CPU.Build.0 = Release|Any CPU
		{7CF4E597-B3F5-4D6E-B554-AF4D72C49AC8}.Debug|Any CPU.ActiveCfg = Debug|Any CPU
		{7CF4E597-B3F5-4D6E-B554-AF4D72C49AC8}.Debug|Any CPU.Build.0 = Debug|Any CPU
		{7CF4E597-B3F5-4D6E-B554-AF4D72C49AC8}.Release|Any CPU.ActiveCfg = Release|Any CPU
		{7CF4E597-B3F5-4D6E-B554-AF4D72C49AC8}.Release|Any CPU.Build.0 = Release|Any CPU
	EndGlobalSection
	GlobalSection(SolutionProperties) = preSolution
		HideSolutionNode = FALSE
	EndGlobalSection
EndGlobal
